// !$*UTF8*$!
{
	archiveVersion = 1;
	classes = {
	};
	objectVersion = 55;
	objects = {

/* Begin PBXBuildFile section */
		B72C5E71281AC5A600A57EFC /* AppDelegate.swift in Sources */ = {isa = PBXBuildFile; fileRef = B72C5E70281AC5A600A57EFC /* AppDelegate.swift */; };
		B72C5E73281AC5A600A57EFC /* SceneDelegate.swift in Sources */ = {isa = PBXBuildFile; fileRef = B72C5E72281AC5A600A57EFC /* SceneDelegate.swift */; };
		B72C5E75281AC5A600A57EFC /* ViewController.swift in Sources */ = {isa = PBXBuildFile; fileRef = B72C5E74281AC5A600A57EFC /* ViewController.swift */; };
		B72C5E78281AC5A600A57EFC /* Main.storyboard in Resources */ = {isa = PBXBuildFile; fileRef = B72C5E76281AC5A600A57EFC /* Main.storyboard */; };
		B72C5E7A281AC5AD00A57EFC /* Assets.xcassets in Resources */ = {isa = PBXBuildFile; fileRef = B72C5E79281AC5AD00A57EFC /* Assets.xcassets */; };
		B72C5E7D281AC5AD00A57EFC /* LaunchScreen.storyboard in Resources */ = {isa = PBXBuildFile; fileRef = B72C5E7B281AC5AD00A57EFC /* LaunchScreen.storyboard */; };
		B72C5E88281AC5AD00A57EFC /* test_r_swiftTests.swift in Sources */ = {isa = PBXBuildFile; fileRef = B72C5E87281AC5AD00A57EFC /* test_r_swiftTests.swift */; };
		B72C5E92281AC5AD00A57EFC /* test_r_swiftUITests.swift in Sources */ = {isa = PBXBuildFile; fileRef = B72C5E91281AC5AD00A57EFC /* test_r_swiftUITests.swift */; };
		B72C5E94281AC5AD00A57EFC /* test_r_swiftUITestsLaunchTests.swift in Sources */ = {isa = PBXBuildFile; fileRef = B72C5E93281AC5AD00A57EFC /* test_r_swiftUITestsLaunchTests.swift */; };
/* End PBXBuildFile section */

/* Begin PBXContainerItemProxy section */
		B72C5E84281AC5AD00A57EFC /* PBXContainerItemProxy */ = {
			isa = PBXContainerItemProxy;
			containerPortal = B72C5E65281AC5A600A57EFC /* Project object */;
			proxyType = 1;
			remoteGlobalIDString = B72C5E6C281AC5A600A57EFC;
			remoteInfo = "test-r-swift";
		};
		B72C5E8E281AC5AD00A57EFC /* PBXContainerItemProxy */ = {
			isa = PBXContainerItemProxy;
			containerPortal = B72C5E65281AC5A600A57EFC /* Project object */;
			proxyType = 1;
			remoteGlobalIDString = B72C5E6C281AC5A600A57EFC;
			remoteInfo = "test-r-swift";
		};
/* End PBXContainerItemProxy section */

/* Begin PBXFileReference section */
		B72C5E6D281AC5A600A57EFC /* test-r-swift.app */ = {isa = PBXFileReference; explicitFileType = wrapper.application; includeInIndex = 0; path = "test-r-swift.app"; sourceTree = BUILT_PRODUCTS_DIR; };
		B72C5E70281AC5A600A57EFC /* AppDelegate.swift */ = {isa = PBXFileReference; lastKnownFileType = sourcecode.swift; path = AppDelegate.swift; sourceTree = "<group>"; };
		B72C5E72281AC5A600A57EFC /* SceneDelegate.swift */ = {isa = PBXFileReference; lastKnownFileType = sourcecode.swift; path = SceneDelegate.swift; sourceTree = "<group>"; };
		B72C5E74281AC5A600A57EFC /* ViewController.swift */ = {isa = PBXFileReference; lastKnownFileType = sourcecode.swift; path = ViewController.swift; sourceTree = "<group>"; };
		B72C5E77281AC5A600A57EFC /* Base */ = {isa = PBXFileReference; lastKnownFileType = file.storyboard; name = Base; path = Base.lproj/Main.storyboard; sourceTree = "<group>"; };
		B72C5E79281AC5AD00A57EFC /* Assets.xcassets */ = {isa = PBXFileReference; lastKnownFileType = folder.assetcatalog; path = Assets.xcassets; sourceTree = "<group>"; };
		B72C5E7C281AC5AD00A57EFC /* Base */ = {isa = PBXFileReference; lastKnownFileType = file.storyboard; name = Base; path = Base.lproj/LaunchScreen.storyboard; sourceTree = "<group>"; };
		B72C5E7E281AC5AD00A57EFC /* Info.plist */ = {isa = PBXFileReference; lastKnownFileType = text.plist.xml; path = Info.plist; sourceTree = "<group>"; };
		B72C5E83281AC5AD00A57EFC /* test-r-swiftTests.xctest */ = {isa = PBXFileReference; explicitFileType = wrapper.cfbundle; includeInIndex = 0; path = "test-r-swiftTests.xctest"; sourceTree = BUILT_PRODUCTS_DIR; };
		B72C5E87281AC5AD00A57EFC /* test_r_swiftTests.swift */ = {isa = PBXFileReference; lastKnownFileType = sourcecode.swift; path = test_r_swiftTests.swift; sourceTree = "<group>"; };
		B72C5E8D281AC5AD00A57EFC /* test-r-swiftUITests.xctest */ = {isa = PBXFileReference; explicitFileType = wrapper.cfbundle; includeInIndex = 0; path = "test-r-swiftUITests.xctest"; sourceTree = BUILT_PRODUCTS_DIR; };
		B72C5E91281AC5AD00A57EFC /* test_r_swiftUITests.swift */ = {isa = PBXFileReference; lastKnownFileType = sourcecode.swift; path = test_r_swiftUITests.swift; sourceTree = "<group>"; };
		B72C5E93281AC5AD00A57EFC /* test_r_swiftUITestsLaunchTests.swift */ = {isa = PBXFileReference; lastKnownFileType = sourcecode.swift; path = test_r_swiftUITestsLaunchTests.swift; sourceTree = "<group>"; };
/* End PBXFileReference section */

/* Begin PBXFrameworksBuildPhase section */
		B72C5E6A281AC5A600A57EFC /* Frameworks */ = {
			isa = PBXFrameworksBuildPhase;
			buildActionMask = 2147483647;
			files = (
			);
			runOnlyForDeploymentPostprocessing = 0;
		};
		B72C5E80281AC5AD00A57EFC /* Frameworks */ = {
			isa = PBXFrameworksBuildPhase;
			buildActionMask = 2147483647;
			files = (
			);
			runOnlyForDeploymentPostprocessing = 0;
		};
		B72C5E8A281AC5AD00A57EFC /* Frameworks */ = {
			isa = PBXFrameworksBuildPhase;
			buildActionMask = 2147483647;
			files = (
			);
			runOnlyForDeploymentPostprocessing = 0;
		};
/* End PBXFrameworksBuildPhase section */

/* Begin PBXGroup section */
		B72C5E64281AC5A600A57EFC = {
			isa = PBXGroup;
			children = (
				B72C5E6F281AC5A600A57EFC /* test-r-swift */,
				B72C5E86281AC5AD00A57EFC /* test-r-swiftTests */,
				B72C5E90281AC5AD00A57EFC /* test-r-swiftUITests */,
				B72C5E6E281AC5A600A57EFC /* Products */,
			);
			sourceTree = "<group>";
		};
		B72C5E6E281AC5A600A57EFC /* Products */ = {
			isa = PBXGroup;
			children = (
				B72C5E6D281AC5A600A57EFC /* test-r-swift.app */,
				B72C5E83281AC5AD00A57EFC /* test-r-swiftTests.xctest */,
				B72C5E8D281AC5AD00A57EFC /* test-r-swiftUITests.xctest */,
			);
			name = Products;
			sourceTree = "<group>";
		};
		B72C5E6F281AC5A600A57EFC /* test-r-swift */ = {
			isa = PBXGroup;
			children = (
				B72C5E70281AC5A600A57EFC /* AppDelegate.swift */,
				B72C5E72281AC5A600A57EFC /* SceneDelegate.swift */,
				B72C5E74281AC5A600A57EFC /* ViewController.swift */,
				B72C5E76281AC5A600A57EFC /* Main.storyboard */,
				B72C5E79281AC5AD00A57EFC /* Assets.xcassets */,
				B72C5E7B281AC5AD00A57EFC /* LaunchScreen.storyboard */,
				B72C5E7E281AC5AD00A57EFC /* Info.plist */,
			);
			path = "test-r-swift";
			sourceTree = "<group>";
		};
		B72C5E86281AC5AD00A57EFC /* test-r-swiftTests */ = {
			isa = PBXGroup;
			children = (
				B72C5E87281AC5AD00A57EFC /* test_r_swiftTests.swift */,
			);
			path = "test-r-swiftTests";
			sourceTree = "<group>";
		};
		B72C5E90281AC5AD00A57EFC /* test-r-swiftUITests */ = {
			isa = PBXGroup;
			children = (
				B72C5E91281AC5AD00A57EFC /* test_r_swiftUITests.swift */,
				B72C5E93281AC5AD00A57EFC /* test_r_swiftUITestsLaunchTests.swift */,
			);
			path = "test-r-swiftUITests";
			sourceTree = "<group>";
		};
/* End PBXGroup section */

/* Begin PBXNativeTarget section */
		B72C5E6C281AC5A600A57EFC /* test-r-swift */ = {
			isa = PBXNativeTarget;
			buildConfigurationList = B72C5E97281AC5AD00A57EFC /* Build configuration list for PBXNativeTarget "test-r-swift" */;
			buildPhases = (
				B72C5E69281AC5A600A57EFC /* Sources */,
				B72C5E6A281AC5A600A57EFC /* Frameworks */,
				B72C5E6B281AC5A600A57EFC /* Resources */,
			);
			buildRules = (
			);
			dependencies = (
			);
			name = "test-r-swift";
			productName = "test-r-swift";
			productReference = B72C5E6D281AC5A600A57EFC /* test-r-swift.app */;
			productType = "com.apple.product-type.application";
		};
		B72C5E82281AC5AD00A57EFC /* test-r-swiftTests */ = {
			isa = PBXNativeTarget;
			buildConfigurationList = B72C5E9A281AC5AD00A57EFC /* Build configuration list for PBXNativeTarget "test-r-swiftTests" */;
			buildPhases = (
				B72C5E7F281AC5AD00A57EFC /* Sources */,
				B72C5E80281AC5AD00A57EFC /* Frameworks */,
				B72C5E81281AC5AD00A57EFC /* Resources */,
			);
			buildRules = (
			);
			dependencies = (
				B72C5E85281AC5AD00A57EFC /* PBXTargetDependency */,
			);
			name = "test-r-swiftTests";
			productName = "test-r-swiftTests";
			productReference = B72C5E83281AC5AD00A57EFC /* test-r-swiftTests.xctest */;
			productType = "com.apple.product-type.bundle.unit-test";
		};
		B72C5E8C281AC5AD00A57EFC /* test-r-swiftUITests */ = {
			isa = PBXNativeTarget;
			buildConfigurationList = B72C5E9D281AC5AD00A57EFC /* Build configuration list for PBXNativeTarget "test-r-swiftUITests" */;
			buildPhases = (
				B72C5E89281AC5AD00A57EFC /* Sources */,
				B72C5E8A281AC5AD00A57EFC /* Frameworks */,
				B72C5E8B281AC5AD00A57EFC /* Resources */,
			);
			buildRules = (
			);
			dependencies = (
				B72C5E8F281AC5AD00A57EFC /* PBXTargetDependency */,
			);
			name = "test-r-swiftUITests";
			productName = "test-r-swiftUITests";
			productReference = B72C5E8D281AC5AD00A57EFC /* test-r-swiftUITests.xctest */;
			productType = "com.apple.product-type.bundle.ui-testing";
		};
/* End PBXNativeTarget section */

/* Begin PBXProject section */
		B72C5E65281AC5A600A57EFC /* Project object */ = {
			isa = PBXProject;
			attributes = {
				BuildIndependentTargetsInParallel = 1;
				LastSwiftUpdateCheck = 1330;
				LastUpgradeCheck = 1330;
				TargetAttributes = {
					B72C5E6C281AC5A600A57EFC = {
						CreatedOnToolsVersion = 13.3;
					};
					B72C5E82281AC5AD00A57EFC = {
						CreatedOnToolsVersion = 13.3;
						TestTargetID = B72C5E6C281AC5A600A57EFC;
					};
					B72C5E8C281AC5AD00A57EFC = {
						CreatedOnToolsVersion = 13.3;
						TestTargetID = B72C5E6C281AC5A600A57EFC;
					};
				};
			};
			buildConfigurationList = B72C5E68281AC5A600A57EFC /* Build configuration list for PBXProject "test-r-swift" */;
			compatibilityVersion = "Xcode 13.0";
			developmentRegion = en;
			hasScannedForEncodings = 0;
			knownRegions = (
				en,
				Base,
			);
			mainGroup = B72C5E64281AC5A600A57EFC;
			productRefGroup = B72C5E6E281AC5A600A57EFC /* Products */;
			projectDirPath = "";
			projectRoot = "";
			targets = (
				B72C5E6C281AC5A600A57EFC /* test-r-swift */,
				B72C5E82281AC5AD00A57EFC /* test-r-swiftTests */,
				B72C5E8C281AC5AD00A57EFC /* test-r-swiftUITests */,
			);
		};
/* End PBXProject section */

/* Begin PBXResourcesBuildPhase section */
		B72C5E6B281AC5A600A57EFC /* Resources */ = {
			isa = PBXResourcesBuildPhase;
			buildActionMask = 2147483647;
			files = (
				B72C5E7D281AC5AD00A57EFC /* LaunchScreen.storyboard in Resources */,
				B72C5E7A281AC5AD00A57EFC /* Assets.xcassets in Resources */,
				B72C5E78281AC5A600A57EFC /* Main.storyboard in Resources */,
			);
			runOnlyForDeploymentPostprocessing = 0;
		};
		B72C5E81281AC5AD00A57EFC /* Resources */ = {
			isa = PBXResourcesBuildPhase;
			buildActionMask = 2147483647;
			files = (
			);
			runOnlyForDeploymentPostprocessing = 0;
		};
		B72C5E8B281AC5AD00A57EFC /* Resources */ = {
			isa = PBXResourcesBuildPhase;
			buildActionMask = 2147483647;
			files = (
			);
			runOnlyForDeploymentPostprocessing = 0;
		};
/* End PBXResourcesBuildPhase section */

/* Begin PBXSourcesBuildPhase section */
		B72C5E69281AC5A600A57EFC /* Sources */ = {
			isa = PBXSourcesBuildPhase;
			buildActionMask = 2147483647;
			files = (
				B72C5E75281AC5A600A57EFC /* ViewController.swift in Sources */,
				B72C5E71281AC5A600A57EFC /* AppDelegate.swift in Sources */,
				B72C5E73281AC5A600A57EFC /* SceneDelegate.swift in Sources */,
			);
			runOnlyForDeploymentPostprocessing = 0;
		};
		B72C5E7F281AC5AD00A57EFC /* Sources */ = {
			isa = PBXSourcesBuildPhase;
			buildActionMask = 2147483647;
			files = (
				B72C5E88281AC5AD00A57EFC /* test_r_swiftTests.swift in Sources */,
			);
			runOnlyForDeploymentPostprocessing = 0;
		};
		B72C5E89281AC5AD00A57EFC /* Sources */ = {
			isa = PBXSourcesBuildPhase;
			buildActionMask = 2147483647;
			files = (
				B72C5E92281AC5AD00A57EFC /* test_r_swiftUITests.swift in Sources */,
				B72C5E94281AC5AD00A57EFC /* test_r_swiftUITestsLaunchTests.swift in Sources */,
			);
			runOnlyForDeploymentPostprocessing = 0;
		};
/* End PBXSourcesBuildPhase section */

/* Begin PBXTargetDependency section */
		B72C5E85281AC5AD00A57EFC /* PBXTargetDependency */ = {
			isa = PBXTargetDependency;
			target = B72C5E6C281AC5A600A57EFC /* test-r-swift */;
			targetProxy = B72C5E84281AC5AD00A57EFC /* PBXContainerItemProxy */;
		};
		B72C5E8F281AC5AD00A57EFC /* PBXTargetDependency */ = {
			isa = PBXTargetDependency;
			target = B72C5E6C281AC5A600A57EFC /* test-r-swift */;
			targetProxy = B72C5E8E281AC5AD00A57EFC /* PBXContainerItemProxy */;
		};
/* End PBXTargetDependency section */

/* Begin PBXVariantGroup section */
		B72C5E76281AC5A600A57EFC /* Main.storyboard */ = {
			isa = PBXVariantGroup;
			children = (
				B72C5E77281AC5A600A57EFC /* Base */,
			);
			name = Main.storyboard;
			sourceTree = "<group>";
		};
		B72C5E7B281AC5AD00A57EFC /* LaunchScreen.storyboard */ = {
			isa = PBXVariantGroup;
			children = (
				B72C5E7C281AC5AD00A57EFC /* Base */,
			);
			name = LaunchScreen.storyboard;
			sourceTree = "<group>";
		};
/* End PBXVariantGroup section */

/* Begin XCBuildConfiguration section */
		B72C5E95281AC5AD00A57EFC /* Debug */ = {
			isa = XCBuildConfiguration;
			buildSettings = {
				ALWAYS_SEARCH_USER_PATHS = NO;
				CLANG_ANALYZER_NONNULL = YES;
				CLANG_ANALYZER_NUMBER_OBJECT_CONVERSION = YES_AGGRESSIVE;
				CLANG_CXX_LANGUAGE_STANDARD = "gnu++17";
				CLANG_ENABLE_MODULES = YES;
				CLANG_ENABLE_OBJC_ARC = YES;
				CLANG_ENABLE_OBJC_WEAK = YES;
				CLANG_WARN_BLOCK_CAPTURE_AUTORELEASING = YES;
				CLANG_WARN_BOOL_CONVERSION = YES;
				CLANG_WARN_COMMA = YES;
				CLANG_WARN_CONSTANT_CONVERSION = YES;
				CLANG_WARN_DEPRECATED_OBJC_IMPLEMENTATIONS = YES;
				CLANG_WARN_DIRECT_OBJC_ISA_USAGE = YES_ERROR;
				CLANG_WARN_DOCUMENTATION_COMMENTS = YES;
				CLANG_WARN_EMPTY_BODY = YES;
				CLANG_WARN_ENUM_CONVERSION = YES;
				CLANG_WARN_INFINITE_RECURSION = YES;
				CLANG_WARN_INT_CONVERSION = YES;
				CLANG_WARN_NON_LITERAL_NULL_CONVERSION = YES;
				CLANG_WARN_OBJC_IMPLICIT_RETAIN_SELF = YES;
				CLANG_WARN_OBJC_LITERAL_CONVERSION = YES;
				CLANG_WARN_OBJC_ROOT_CLASS = YES_ERROR;
				CLANG_WARN_QUOTED_INCLUDE_IN_FRAMEWORK_HEADER = YES;
				CLANG_WARN_RANGE_LOOP_ANALYSIS = YES;
				CLANG_WARN_STRICT_PROTOTYPES = YES;
				CLANG_WARN_SUSPICIOUS_MOVE = YES;
				CLANG_WARN_UNGUARDED_AVAILABILITY = YES_AGGRESSIVE;
				CLANG_WARN_UNREACHABLE_CODE = YES;
				CLANG_WARN__DUPLICATE_METHOD_MATCH = YES;
				COPY_PHASE_STRIP = NO;
				DEBUG_INFORMATION_FORMAT = dwarf;
				ENABLE_STRICT_OBJC_MSGSEND = YES;
				ENABLE_TESTABILITY = YES;
				GCC_C_LANGUAGE_STANDARD = gnu11;
				GCC_DYNAMIC_NO_PIC = NO;
				GCC_NO_COMMON_BLOCKS = YES;
				GCC_OPTIMIZATION_LEVEL = 0;
				GCC_PREPROCESSOR_DEFINITIONS = (
					"DEBUG=1",
					"$(inherited)",
				);
				GCC_WARN_64_TO_32_BIT_CONVERSION = YES;
				GCC_WARN_ABOUT_RETURN_TYPE = YES_ERROR;
				GCC_WARN_UNDECLARED_SELECTOR = YES;
				GCC_WARN_UNINITIALIZED_AUTOS = YES_AGGRESSIVE;
				GCC_WARN_UNUSED_FUNCTION = YES;
				GCC_WARN_UNUSED_VARIABLE = YES;
				IPHONEOS_DEPLOYMENT_TARGET = 15.4;
				MTL_ENABLE_DEBUG_INFO = INCLUDE_SOURCE;
				MTL_FAST_MATH = YES;
				ONLY_ACTIVE_ARCH = YES;
				SDKROOT = iphoneos;
				SWIFT_ACTIVE_COMPILATION_CONDITIONS = DEBUG;
				SWIFT_OPTIMIZATION_LEVEL = "-Onone";
			};
			name = Debug;
		};
		B72C5E96281AC5AD00A57EFC /* Release */ = {
			isa = XCBuildConfiguration;
			buildSettings = {
				ALWAYS_SEARCH_USER_PATHS = NO;
				CLANG_ANALYZER_NONNULL = YES;
				CLANG_ANALYZER_NUMBER_OBJECT_CONVERSION = YES_AGGRESSIVE;
				CLANG_CXX_LANGUAGE_STANDARD = "gnu++17";
				CLANG_ENABLE_MODULES = YES;
				CLANG_ENABLE_OBJC_ARC = YES;
				CLANG_ENABLE_OBJC_WEAK = YES;
				CLANG_WARN_BLOCK_CAPTURE_AUTORELEASING = YES;
				CLANG_WARN_BOOL_CONVERSION = YES;
				CLANG_WARN_COMMA = YES;
				CLANG_WARN_CONSTANT_CONVERSION = YES;
				CLANG_WARN_DEPRECATED_OBJC_IMPLEMENTATIONS = YES;
				CLANG_WARN_DIRECT_OBJC_ISA_USAGE = YES_ERROR;
				CLANG_WARN_DOCUMENTATION_COMMENTS = YES;
				CLANG_WARN_EMPTY_BODY = YES;
				CLANG_WARN_ENUM_CONVERSION = YES;
				CLANG_WARN_INFINITE_RECURSION = YES;
				CLANG_WARN_INT_CONVERSION = YES;
				CLANG_WARN_NON_LITERAL_NULL_CONVERSION = YES;
				CLANG_WARN_OBJC_IMPLICIT_RETAIN_SELF = YES;
				CLANG_WARN_OBJC_LITERAL_CONVERSION = YES;
				CLANG_WARN_OBJC_ROOT_CLASS = YES_ERROR;
				CLANG_WARN_QUOTED_INCLUDE_IN_FRAMEWORK_HEADER = YES;
				CLANG_WARN_RANGE_LOOP_ANALYSIS = YES;
				CLANG_WARN_STRICT_PROTOTYPES = YES;
				CLANG_WARN_SUSPICIOUS_MOVE = YES;
				CLANG_WARN_UNGUARDED_AVAILABILITY = YES_AGGRESSIVE;
				CLANG_WARN_UNREACHABLE_CODE = YES;
				CLANG_WARN__DUPLICATE_METHOD_MATCH = YES;
				COPY_PHASE_STRIP = NO;
				DEBUG_INFORMATION_FORMAT = "dwarf-with-dsym";
				ENABLE_NS_ASSERTIONS = NO;
				ENABLE_STRICT_OBJC_MSGSEND = YES;
				GCC_C_LANGUAGE_STANDARD = gnu11;
				GCC_NO_COMMON_BLOCKS = YES;
				GCC_WARN_64_TO_32_BIT_CONVERSION = YES;
				GCC_WARN_ABOUT_RETURN_TYPE = YES_ERROR;
				GCC_WARN_UNDECLARED_SELECTOR = YES;
				GCC_WARN_UNINITIALIZED_AUTOS = YES_AGGRESSIVE;
				GCC_WARN_UNUSED_FUNCTION = YES;
				GCC_WARN_UNUSED_VARIABLE = YES;
				IPHONEOS_DEPLOYMENT_TARGET = 15.4;
				MTL_ENABLE_DEBUG_INFO = NO;
				MTL_FAST_MATH = YES;
				SDKROOT = iphoneos;
				SWIFT_COMPILATION_MODE = wholemodule;
				SWIFT_OPTIMIZATION_LEVEL = "-O";
				VALIDATE_PRODUCT = YES;
			};
			name = Release;
		};
		B72C5E98281AC5AD00A57EFC /* Debug */ = {
			isa = XCBuildConfiguration;
			buildSettings = {
				ASSETCATALOG_COMPILER_APPICON_NAME = AppIcon;
				ASSETCATALOG_COMPILER_GLOBAL_ACCENT_COLOR_NAME = AccentColor;
				CODE_SIGN_STYLE = Automatic;
				CURRENT_PROJECT_VERSION = 1;
				DEVELOPMENT_TEAM = LWU8V4B258;
				GENERATE_INFOPLIST_FILE = YES;
				INFOPLIST_FILE = "test-r-swift/Info.plist";
				INFOPLIST_KEY_UIApplicationSupportsIndirectInputEvents = YES;
				INFOPLIST_KEY_UILaunchStoryboardName = LaunchScreen;
				INFOPLIST_KEY_UIMainStoryboardFile = Main;
				INFOPLIST_KEY_UISupportedInterfaceOrientations_iPad = "UIInterfaceOrientationPortrait UIInterfaceOrientationPortraitUpsideDown UIInterfaceOrientationLandscapeLeft UIInterfaceOrientationLandscapeRight";
				INFOPLIST_KEY_UISupportedInterfaceOrientations_iPhone = "UIInterfaceOrientationPortrait UIInterfaceOrientationLandscapeLeft UIInterfaceOrientationLandscapeRight";
				LD_RUNPATH_SEARCH_PATHS = (
					"$(inherited)",
					"@executable_path/Frameworks",
				);
				MARKETING_VERSION = 1.0;
				PRODUCT_BUNDLE_IDENTIFIER = "com.dev.test-r-swift";
				PRODUCT_NAME = "$(TARGET_NAME)";
				SWIFT_EMIT_LOC_STRINGS = YES;
				SWIFT_VERSION = 5.0;
				TARGETED_DEVICE_FAMILY = "1,2";
			};
			name = Debug;
		};
		B72C5E99281AC5AD00A57EFC /* Release */ = {
			isa = XCBuildConfiguration;
			buildSettings = {
				ASSETCATALOG_COMPILER_APPICON_NAME = AppIcon;
				ASSETCATALOG_COMPILER_GLOBAL_ACCENT_COLOR_NAME = AccentColor;
				CODE_SIGN_STYLE = Automatic;
				CURRENT_PROJECT_VERSION = 1;
				DEVELOPMENT_TEAM = LWU8V4B258;
				GENERATE_INFOPLIST_FILE = YES;
				INFOPLIST_FILE = "test-r-swift/Info.plist";
				INFOPLIST_KEY_UIApplicationSupportsIndirectInputEvents = YES;
				INFOPLIST_KEY_UILaunchStoryboardName = LaunchScreen;
				INFOPLIST_KEY_UIMainStoryboardFile = Main;
				INFOPLIST_KEY_UISupportedInterfaceOrientations_iPad = "UIInterfaceOrientationPortrait UIInterfaceOrientationPortraitUpsideDown UIInterfaceOrientationLandscapeLeft UIInterfaceOrientationLandscapeRight";
				INFOPLIST_KEY_UISupportedInterfaceOrientations_iPhone = "UIInterfaceOrientationPortrait UIInterfaceOrientationLandscapeLeft UIInterfaceOrientationLandscapeRight";
				LD_RUNPATH_SEARCH_PATHS = (
					"$(inherited)",
					"@executable_path/Frameworks",
				);
				MARKETING_VERSION = 1.0;
				PRODUCT_BUNDLE_IDENTIFIER = "com.dev.test-r-swift";
				PRODUCT_NAME = "$(TARGET_NAME)";
				SWIFT_EMIT_LOC_STRINGS = YES;
				SWIFT_VERSION = 5.0;
				TARGETED_DEVICE_FAMILY = "1,2";
			};
			name = Release;
		};
		B72C5E9B281AC5AD00A57EFC /* Debug */ = {
			isa = XCBuildConfiguration;
			buildSettings = {
				ALWAYS_EMBED_SWIFT_STANDARD_LIBRARIES = YES;
				BUNDLE_LOADER = "$(TEST_HOST)";
				CODE_SIGN_STYLE = Automatic;
				CURRENT_PROJECT_VERSION = 1;
				DEVELOPMENT_TEAM = LWU8V4B258;
				GENERATE_INFOPLIST_FILE = YES;
				IPHONEOS_DEPLOYMENT_TARGET = 15.4;
				MARKETING_VERSION = 1.0;
				PRODUCT_BUNDLE_IDENTIFIER = "com.dev.test-r-swiftTests";
				PRODUCT_NAME = "$(TARGET_NAME)";
				SWIFT_EMIT_LOC_STRINGS = NO;
				SWIFT_VERSION = 5.0;
				TARGETED_DEVICE_FAMILY = "1,2";
				TEST_HOST = "$(BUILT_PRODUCTS_DIR)/test-r-swift.app/test-r-swift";
			};
			name = Debug;
		};
		B72C5E9C281AC5AD00A57EFC /* Release */ = {
			isa = XCBuildConfiguration;
			buildSettings = {
				ALWAYS_EMBED_SWIFT_STANDARD_LIBRARIES = YES;
				BUNDLE_LOADER = "$(TEST_HOST)";
				CODE_SIGN_STYLE = Automatic;
				CURRENT_PROJECT_VERSION = 1;
				DEVELOPMENT_TEAM = LWU8V4B258;
				GENERATE_INFOPLIST_FILE = YES;
				IPHONEOS_DEPLOYMENT_TARGET = 15.4;
				MARKETING_VERSION = 1.0;
				PRODUCT_BUNDLE_IDENTIFIER = "com.dev.test-r-swiftTests";
				PRODUCT_NAME = "$(TARGET_NAME)";
				SWIFT_EMIT_LOC_STRINGS = NO;
				SWIFT_VERSION = 5.0;
				TARGETED_DEVICE_FAMILY = "1,2";
				TEST_HOST = "$(BUILT_PRODUCTS_DIR)/test-r-swift.app/test-r-swift";
			};
			name = Release;
		};
		B72C5E9E281AC5AD00A57EFC /* Debug */ = {
			isa = XCBuildConfiguration;
			buildSettings = {
				ALWAYS_EMBED_SWIFT_STANDARD_LIBRARIES = YES;
				CODE_SIGN_STYLE = Automatic;
				CURRENT_PROJECT_VERSION = 1;
				DEVELOPMENT_TEAM = LWU8V4B258;
				GENERATE_INFOPLIST_FILE = YES;
				MARKETING_VERSION = 1.0;
				PRODUCT_BUNDLE_IDENTIFIER = "com.dev.test-r-swiftUITests";
				PRODUCT_NAME = "$(TARGET_NAME)";
				SWIFT_EMIT_LOC_STRINGS = NO;
				SWIFT_VERSION = 5.0;
				TARGETED_DEVICE_FAMILY = "1,2";
				TEST_TARGET_NAME = "test-r-swift";
			};
			name = Debug;
		};
		B72C5E9F281AC5AD00A57EFC /* Release */ = {
			isa = XCBuildConfiguration;
			buildSettings = {
				ALWAYS_EMBED_SWIFT_STANDARD_LIBRARIES = YES;
				CODE_SIGN_STYLE = Automatic;
				CURRENT_PROJECT_VERSION = 1;
				DEVELOPMENT_TEAM = LWU8V4B258;
				GENERATE_INFOPLIST_FILE = YES;
				MARKETING_VERSION = 1.0;
				PRODUCT_BUNDLE_IDENTIFIER = "com.dev.test-r-swiftUITests";
				PRODUCT_NAME = "$(TARGET_NAME)";
				SWIFT_EMIT_LOC_STRINGS = NO;
				SWIFT_VERSION = 5.0;
				TARGETED_DEVICE_FAMILY = "1,2";
				TEST_TARGET_NAME = "test-r-swift";
			};
			name = Release;
		};
/* End XCBuildConfiguration section */

/* Begin XCConfigurationList section */
		B72C5E68281AC5A600A57EFC /* Build configuration list for PBXProject "test-r-swift" */ = {
			isa = XCConfigurationList;
			buildConfigurations = (
				B72C5E95281AC5AD00A57EFC /* Debug */,
				B72C5E96281AC5AD00A57EFC /* Release */,
			);
			defaultConfigurationIsVisible = 0;
			defaultConfigurationName = Release;
		};
		B72C5E97281AC5AD00A57EFC /* Build configuration list for PBXNativeTarget "test-r-swift" */ = {
			isa = XCConfigurationList;
			buildConfigurations = (
				B72C5E98281AC5AD00A57EFC /* Debug */,
				B72C5E99281AC5AD00A57EFC /* Release */,
			);
			defaultConfigurationIsVisible = 0;
			defaultConfigurationName = Release;
		};
		B72C5E9A281AC5AD00A57EFC /* Build configuration list for PBXNativeTarget "test-r-swiftTests" */ = {
			isa = XCConfigurationList;
			buildConfigurations = (
				B72C5E9B281AC5AD00A57EFC /* Debug */,
				B72C5E9C281AC5AD00A57EFC /* Release */,
			);
			defaultConfigurationIsVisible = 0;
			defaultConfigurationName = Release;
		};
		B72C5E9D281AC5AD00A57EFC /* Build configuration list for PBXNativeTarget "test-r-swiftUITests" */ = {
			isa = XCConfigurationList;
			buildConfigurations = (
				B72C5E9E281AC5AD00A57EFC /* Debug */,
				B72C5E9F281AC5AD00A57EFC /* Release */,
			);
			defaultConfigurationIsVisible = 0;
			defaultConfigurationName = Release;
		};
/* End XCConfigurationList section */
	};
	rootObject = B72C5E65281AC5A600A57EFC /* Project object */;
}
